// !$*UTF8*$!
{
	archiveVersion = 1;
	classes = {
	};
	objectVersion = 46;
	objects = {

/* Begin PBXBuildFile section */
		5133D8481F1755ED006257C2 /* AppDelegate.swift in Sources */ = {isa = PBXBuildFile; fileRef = 5133D8471F1755ED006257C2 /* AppDelegate.swift */; };
		5133D84A1F1755ED006257C2 /* ViewController.swift in Sources */ = {isa = PBXBuildFile; fileRef = 5133D8491F1755ED006257C2 /* ViewController.swift */; };
		5133D84D1F1755ED006257C2 /* Main.storyboard in Resources */ = {isa = PBXBuildFile; fileRef = 5133D84B1F1755ED006257C2 /* Main.storyboard */; };
		5133D84F1F1755ED006257C2 /* Assets.xcassets in Resources */ = {isa = PBXBuildFile; fileRef = 5133D84E1F1755ED006257C2 /* Assets.xcassets */; };
		5133D8521F1755ED006257C2 /* LaunchScreen.storyboard in Resources */ = {isa = PBXBuildFile; fileRef = 5133D8501F1755ED006257C2 /* LaunchScreen.storyboard */; };
		5133D85D1F1755ED006257C2 /* Universal_Guide_BookTests.swift in Sources */ = {isa = PBXBuildFile; fileRef = 5133D85C1F1755ED006257C2 /* Universal_Guide_BookTests.swift */; };
		5133D8681F1755ED006257C2 /* Universal_Guide_BookUITests.swift in Sources */ = {isa = PBXBuildFile; fileRef = 5133D8671F1755ED006257C2 /* Universal_Guide_BookUITests.swift */; };
/* End PBXBuildFile section */

/* Begin PBXContainerItemProxy section */
		5133D8591F1755ED006257C2 /* PBXContainerItemProxy */ = {
			isa = PBXContainerItemProxy;
			containerPortal = 5133D83C1F1755ED006257C2 /* Project object */;
			proxyType = 1;
			remoteGlobalIDString = 5133D8431F1755ED006257C2;
			remoteInfo = "Universal Guide Book";
		};
		5133D8641F1755ED006257C2 /* PBXContainerItemProxy */ = {
			isa = PBXContainerItemProxy;
			containerPortal = 5133D83C1F1755ED006257C2 /* Project object */;
			proxyType = 1;
			remoteGlobalIDString = 5133D8431F1755ED006257C2;
			remoteInfo = "Universal Guide Book";
		};
/* End PBXContainerItemProxy section */

/* Begin PBXFileReference section */
		5133D8441F1755ED006257C2 /* Universal Guide Book.app */ = {isa = PBXFileReference; explicitFileType = wrapper.application; includeInIndex = 0; path = "Universal Guide Book.app"; sourceTree = BUILT_PRODUCTS_DIR; };
		5133D8471F1755ED006257C2 /* AppDelegate.swift */ = {isa = PBXFileReference; lastKnownFileType = sourcecode.swift; path = AppDelegate.swift; sourceTree = "<group>"; };
		5133D8491F1755ED006257C2 /* ViewController.swift */ = {isa = PBXFileReference; lastKnownFileType = sourcecode.swift; path = ViewController.swift; sourceTree = "<group>"; };
		5133D84C1F1755ED006257C2 /* Base */ = {isa = PBXFileReference; lastKnownFileType = file.storyboard; name = Base; path = Base.lproj/Main.storyboard; sourceTree = "<group>"; };
		5133D84E1F1755ED006257C2 /* Assets.xcassets */ = {isa = PBXFileReference; lastKnownFileType = folder.assetcatalog; path = Assets.xcassets; sourceTree = "<group>"; };
		5133D8511F1755ED006257C2 /* Base */ = {isa = PBXFileReference; lastKnownFileType = file.storyboard; name = Base; path = Base.lproj/LaunchScreen.storyboard; sourceTree = "<group>"; };
		5133D8531F1755ED006257C2 /* Info.plist */ = {isa = PBXFileReference; lastKnownFileType = text.plist.xml; path = Info.plist; sourceTree = "<group>"; };
		5133D8581F1755ED006257C2 /* Universal Guide BookTests.xctest */ = {isa = PBXFileReference; explicitFileType = wrapper.cfbundle; includeInIndex = 0; path = "Universal Guide BookTests.xctest"; sourceTree = BUILT_PRODUCTS_DIR; };
		5133D85C1F1755ED006257C2 /* Universal_Guide_BookTests.swift */ = {isa = PBXFileReference; lastKnownFileType = sourcecode.swift; path = Universal_Guide_BookTests.swift; sourceTree = "<group>"; };
		5133D85E1F1755ED006257C2 /* Info.plist */ = {isa = PBXFileReference; lastKnownFileType = text.plist.xml; path = Info.plist; sourceTree = "<group>"; };
		5133D8631F1755ED006257C2 /* Universal Guide BookUITests.xctest */ = {isa = PBXFileReference; explicitFileType = wrapper.cfbundle; includeInIndex = 0; path = "Universal Guide BookUITests.xctest"; sourceTree = BUILT_PRODUCTS_DIR; };
		5133D8671F1755ED006257C2 /* Universal_Guide_BookUITests.swift */ = {isa = PBXFileReference; lastKnownFileType = sourcecode.swift; path = Universal_Guide_BookUITests.swift; sourceTree = "<group>"; };
		5133D8691F1755ED006257C2 /* Info.plist */ = {isa = PBXFileReference; lastKnownFileType = text.plist.xml; path = Info.plist; sourceTree = "<group>"; };
/* End PBXFileReference section */

/* Begin PBXFrameworksBuildPhase section */
		5133D8411F1755ED006257C2 /* Frameworks */ = {
			isa = PBXFrameworksBuildPhase;
			buildActionMask = 2147483647;
			files = (
			);
			runOnlyForDeploymentPostprocessing = 0;
		};
		5133D8551F1755ED006257C2 /* Frameworks */ = {
			isa = PBXFrameworksBuildPhase;
			buildActionMask = 2147483647;
			files = (
			);
			runOnlyForDeploymentPostprocessing = 0;
		};
		5133D8601F1755ED006257C2 /* Frameworks */ = {
			isa = PBXFrameworksBuildPhase;
			buildActionMask = 2147483647;
			files = (
			);
			runOnlyForDeploymentPostprocessing = 0;
		};
/* End PBXFrameworksBuildPhase section */

/* Begin PBXGroup section */
		5133D83B1F1755ED006257C2 = {
			isa = PBXGroup;
			children = (
				5133D8461F1755ED006257C2 /* Universal Guide Book */,
				5133D85B1F1755ED006257C2 /* Universal Guide BookTests */,
				5133D8661F1755ED006257C2 /* Universal Guide BookUITests */,
				5133D8451F1755ED006257C2 /* Products */,
			);
			sourceTree = "<group>";
		};
		5133D8451F1755ED006257C2 /* Products */ = {
			isa = PBXGroup;
			children = (
				5133D8441F1755ED006257C2 /* Universal Guide Book.app */,
				5133D8581F1755ED006257C2 /* Universal Guide BookTests.xctest */,
				5133D8631F1755ED006257C2 /* Universal Guide BookUITests.xctest */,
			);
			name = Products;
			sourceTree = "<group>";
		};
		5133D8461F1755ED006257C2 /* Universal Guide Book */ = {
			isa = PBXGroup;
			children = (
				5133D8471F1755ED006257C2 /* AppDelegate.swift */,
				5133D8491F1755ED006257C2 /* ViewController.swift */,
				5133D84B1F1755ED006257C2 /* Main.storyboard */,
				5133D84E1F1755ED006257C2 /* Assets.xcassets */,
				5133D8501F1755ED006257C2 /* LaunchScreen.storyboard */,
				5133D8531F1755ED006257C2 /* Info.plist */,
			);
			path = "Universal Guide Book";
			sourceTree = "<group>";
		};
		5133D85B1F1755ED006257C2 /* Universal Guide BookTests */ = {
			isa = PBXGroup;
			children = (
				5133D85C1F1755ED006257C2 /* Universal_Guide_BookTests.swift */,
				5133D85E1F1755ED006257C2 /* Info.plist */,
			);
			path = "Universal Guide BookTests";
			sourceTree = "<group>";
		};
		5133D8661F1755ED006257C2 /* Universal Guide BookUITests */ = {
			isa = PBXGroup;
			children = (
				5133D8671F1755ED006257C2 /* Universal_Guide_BookUITests.swift */,
				5133D8691F1755ED006257C2 /* Info.plist */,
			);
			path = "Universal Guide BookUITests";
			sourceTree = "<group>";
		};
/* End PBXGroup section */

/* Begin PBXNativeTarget section */
		5133D8431F1755ED006257C2 /* Universal Guide Book */ = {
			isa = PBXNativeTarget;
			buildConfigurationList = 5133D86C1F1755ED006257C2 /* Build configuration list for PBXNativeTarget "Universal Guide Book" */;
			buildPhases = (
				5133D8401F1755ED006257C2 /* Sources */,
				5133D8411F1755ED006257C2 /* Frameworks */,
				5133D8421F1755ED006257C2 /* Resources */,
			);
			buildRules = (
			);
			dependencies = (
			);
			name = "Universal Guide Book";
			productName = "Universal Guide Book";
			productReference = 5133D8441F1755ED006257C2 /* Universal Guide Book.app */;
			productType = "com.apple.product-type.application";
		};
		5133D8571F1755ED006257C2 /* Universal Guide BookTests */ = {
			isa = PBXNativeTarget;
			buildConfigurationList = 5133D86F1F1755ED006257C2 /* Build configuration list for PBXNativeTarget "Universal Guide BookTests" */;
			buildPhases = (
				5133D8541F1755ED006257C2 /* Sources */,
				5133D8551F1755ED006257C2 /* Frameworks */,
				5133D8561F1755ED006257C2 /* Resources */,
			);
			buildRules = (
			);
			dependencies = (
				5133D85A1F1755ED006257C2 /* PBXTargetDependency */,
			);
			name = "Universal Guide BookTests";
			productName = "Universal Guide BookTests";
			productReference = 5133D8581F1755ED006257C2 /* Universal Guide BookTests.xctest */;
			productType = "com.apple.product-type.bundle.unit-test";
		};
		5133D8621F1755ED006257C2 /* Universal Guide BookUITests */ = {
			isa = PBXNativeTarget;
			buildConfigurationList = 5133D8721F1755ED006257C2 /* Build configuration list for PBXNativeTarget "Universal Guide BookUITests" */;
			buildPhases = (
				5133D85F1F1755ED006257C2 /* Sources */,
				5133D8601F1755ED006257C2 /* Frameworks */,
				5133D8611F1755ED006257C2 /* Resources */,
			);
			buildRules = (
			);
			dependencies = (
				5133D8651F1755ED006257C2 /* PBXTargetDependency */,
			);
			name = "Universal Guide BookUITests";
			productName = "Universal Guide BookUITests";
			productReference = 5133D8631F1755ED006257C2 /* Universal Guide BookUITests.xctest */;
			productType = "com.apple.product-type.bundle.ui-testing";
		};
/* End PBXNativeTarget section */

/* Begin PBXProject section */
		5133D83C1F1755ED006257C2 /* Project object */ = {
			isa = PBXProject;
			attributes = {
				LastSwiftUpdateCheck = 0830;
				LastUpgradeCheck = 0830;
				ORGANIZATIONNAME = "Benajmin Blankholm";
				TargetAttributes = {
					5133D8431F1755ED006257C2 = {
						CreatedOnToolsVersion = 8.3.3;
						DevelopmentTeam = S9DA8B2DXE;
						ProvisioningStyle = Automatic;
					};
					5133D8571F1755ED006257C2 = {
						CreatedOnToolsVersion = 8.3.3;
						DevelopmentTeam = S9DA8B2DXE;
						ProvisioningStyle = Automatic;
						TestTargetID = 5133D8431F1755ED006257C2;
					};
					5133D8621F1755ED006257C2 = {
						CreatedOnToolsVersion = 8.3.3;
						DevelopmentTeam = S9DA8B2DXE;
						ProvisioningStyle = Automatic;
						TestTargetID = 5133D8431F1755ED006257C2;
					};
				};
			};
			buildConfigurationList = 5133D83F1F1755ED006257C2 /* Build configuration list for PBXProject "Universal Guide Book" */;
			compatibilityVersion = "Xcode 3.2";
			developmentRegion = English;
			hasScannedForEncodings = 0;
			knownRegions = (
				en,
				Base,
			);
			mainGroup = 5133D83B1F1755ED006257C2;
			productRefGroup = 5133D8451F1755ED006257C2 /* Products */;
			projectDirPath = "";
			projectRoot = "";
			targets = (
				5133D8431F1755ED006257C2 /* Universal Guide Book */,
				5133D8571F1755ED006257C2 /* Universal Guide BookTests */,
				5133D8621F1755ED006257C2 /* Universal Guide BookUITests */,
			);
		};
/* End PBXProject section */

/* Begin PBXResourcesBuildPhase section */
		5133D8421F1755ED006257C2 /* Resources */ = {
			isa = PBXResourcesBuildPhase;
			buildActionMask = 2147483647;
			files = (
				5133D8521F1755ED006257C2 /* LaunchScreen.storyboard in Resources */,
				5133D84F1F1755ED006257C2 /* Assets.xcassets in Resources */,
				5133D84D1F1755ED006257C2 /* Main.storyboard in Resources */,
			);
			runOnlyForDeploymentPostprocessing = 0;
		};
		5133D8561F1755ED006257C2 /* Resources */ = {
			isa = PBXResourcesBuildPhase;
			buildActionMask = 2147483647;
			files = (
			);
			runOnlyForDeploymentPostprocessing = 0;
		};
		5133D8611F1755ED006257C2 /* Resources */ = {
			isa = PBXResourcesBuildPhase;
			buildActionMask = 2147483647;
			files = (
			);
			runOnlyForDeploymentPostprocessing = 0;
		};
/* End PBXResourcesBuildPhase section */

/* Begin PBXSourcesBuildPhase section */
		5133D8401F1755ED006257C2 /* Sources */ = {
			isa = PBXSourcesBuildPhase;
			buildActionMask = 2147483647;
			files = (
				5133D84A1F1755ED006257C2 /* ViewController.swift in Sources */,
				5133D8481F1755ED006257C2 /* AppDelegate.swift in Sources */,
			);
			runOnlyForDeploymentPostprocessing = 0;
		};
		5133D8541F1755ED006257C2 /* Sources */ = {
			isa = PBXSourcesBuildPhase;
			buildActionMask = 2147483647;
			files = (
				5133D85D1F1755ED006257C2 /* Universal_Guide_BookTests.swift in Sources */,
			);
			runOnlyForDeploymentPostprocessing = 0;
		};
		5133D85F1F1755ED006257C2 /* Sources */ = {
			isa = PBXSourcesBuildPhase;
			buildActionMask = 2147483647;
			files = (
				5133D8681F1755ED006257C2 /* Universal_Guide_BookUITests.swift in Sources */,
			);
			runOnlyForDeploymentPostprocessing = 0;
		};
/* End PBXSourcesBuildPhase section */

/* Begin PBXTargetDependency section */
		5133D85A1F1755ED006257C2 /* PBXTargetDependency */ = {
			isa = PBXTargetDependency;
			target = 5133D8431F1755ED006257C2 /* Universal Guide Book */;
			targetProxy = 5133D8591F1755ED006257C2 /* PBXContainerItemProxy */;
		};
		5133D8651F1755ED006257C2 /* PBXTargetDependency */ = {
			isa = PBXTargetDependency;
			target = 5133D8431F1755ED006257C2 /* Universal Guide Book */;
			targetProxy = 5133D8641F1755ED006257C2 /* PBXContainerItemProxy */;
		};
/* End PBXTargetDependency section */

/* Begin PBXVariantGroup section */
		5133D84B1F1755ED006257C2 /* Main.storyboard */ = {
			isa = PBXVariantGroup;
			children = (
				5133D84C1F1755ED006257C2 /* Base */,
			);
			name = Main.storyboard;
			sourceTree = "<group>";
		};
		5133D8501F1755ED006257C2 /* LaunchScreen.storyboard */ = {
			isa = PBXVariantGroup;
			children = (
				5133D8511F1755ED006257C2 /* Base */,
			);
			name = LaunchScreen.storyboard;
			sourceTree = "<group>";
		};
/* End PBXVariantGroup section */

/* Begin XCBuildConfiguration section */
		5133D86A1F1755ED006257C2 /* Debug */ = {
			isa = XCBuildConfiguration;
			buildSettings = {
				ALWAYS_SEARCH_USER_PATHS = NO;
				CLANG_ANALYZER_NONNULL = YES;
				CLANG_ANALYZER_NUMBER_OBJECT_CONVERSION = YES_AGGRESSIVE;
				CLANG_CXX_LANGUAGE_STANDARD = "gnu++0x";
				CLANG_CXX_LIBRARY = "libc++";
				CLANG_ENABLE_MODULES = YES;
				CLANG_ENABLE_OBJC_ARC = YES;
				CLANG_WARN_BOOL_CONVERSION = YES;
				CLANG_WARN_CONSTANT_CONVERSION = YES;
				CLANG_WARN_DIRECT_OBJC_ISA_USAGE = YES_ERROR;
				CLANG_WARN_DOCUMENTATION_COMMENTS = YES;
				CLANG_WARN_EMPTY_BODY = YES;
				CLANG_WARN_ENUM_CONVERSION = YES;
				CLANG_WARN_INFINITE_RECURSION = YES;
				CLANG_WARN_INT_CONVERSION = YES;
				CLANG_WARN_OBJC_ROOT_CLASS = YES_ERROR;
				CLANG_WARN_SUSPICIOUS_MOVE = YES;
				CLANG_WARN_UNREACHABLE_CODE = YES;
				CLANG_WARN__DUPLICATE_METHOD_MATCH = YES;
				"CODE_SIGN_IDENTITY[sdk=iphoneos*]" = "iPhone Developer";
				COPY_PHASE_STRIP = NO;
				DEBUG_INFORMATION_FORMAT = dwarf;
				ENABLE_STRICT_OBJC_MSGSEND = YES;
				ENABLE_TESTABILITY = YES;
				GCC_C_LANGUAGE_STANDARD = gnu99;
				GCC_DYNAMIC_NO_PIC = NO;
				GCC_NO_COMMON_BLOCKS = YES;
				GCC_OPTIMIZATION_LEVEL = 0;
				GCC_PREPROCESSOR_DEFINITIONS = (
					"DEBUG=1",
					"$(inherited)",
				);
				GCC_WARN_64_TO_32_BIT_CONVERSION = YES;
				GCC_WARN_ABOUT_RETURN_TYPE = YES_ERROR;
				GCC_WARN_UNDECLARED_SELECTOR = YES;
				GCC_WARN_UNINITIALIZED_AUTOS = YES_AGGRESSIVE;
				GCC_WARN_UNUSED_FUNCTION = YES;
				GCC_WARN_UNUSED_VARIABLE = YES;
				IPHONEOS_DEPLOYMENT_TARGET = 10.3;
				MTL_ENABLE_DEBUG_INFO = YES;
				ONLY_ACTIVE_ARCH = YES;
				SDKROOT = iphoneos;
				SWIFT_ACTIVE_COMPILATION_CONDITIONS = DEBUG;
				SWIFT_OPTIMIZATION_LEVEL = "-Onone";
				TARGETED_DEVICE_FAMILY = "1,2";
			};
			name = Debug;
		};
		5133D86B1F1755ED006257C2 /* Release */ = {
			isa = XCBuildConfiguration;
			buildSettings = {
				ALWAYS_SEARCH_USER_PATHS = NO;
				CLANG_ANALYZER_NONNULL = YES;
				CLANG_ANALYZER_NUMBER_OBJECT_CONVERSION = YES_AGGRESSIVE;
				CLANG_CXX_LANGUAGE_STANDARD = "gnu++0x";
				CLANG_CXX_LIBRARY = "libc++";
				CLANG_ENABLE_MODULES = YES;
				CLANG_ENABLE_OBJC_ARC = YES;
				CLANG_WARN_BOOL_CONVERSION = YES;
				CLANG_WARN_CONSTANT_CONVERSION = YES;
				CLANG_WARN_DIRECT_OBJC_ISA_USAGE = YES_ERROR;
				CLANG_WARN_DOCUMENTATION_COMMENTS = YES;
				CLANG_WARN_EMPTY_BODY = YES;
				CLANG_WARN_ENUM_CONVERSION = YES;
				CLANG_WARN_INFINITE_RECURSION = YES;
				CLANG_WARN_INT_CONVERSION = YES;
				CLANG_WARN_OBJC_ROOT_CLASS = YES_ERROR;
				CLANG_WARN_SUSPICIOUS_MOVE = YES;
				CLANG_WARN_UNREACHABLE_CODE = YES;
				CLANG_WARN__DUPLICATE_METHOD_MATCH = YES;
				"CODE_SIGN_IDENTITY[sdk=iphoneos*]" = "iPhone Developer";
				COPY_PHASE_STRIP = NO;
				DEBUG_INFORMATION_FORMAT = "dwarf-with-dsym";
				ENABLE_NS_ASSERTIONS = NO;
				ENABLE_STRICT_OBJC_MSGSEND = YES;
				GCC_C_LANGUAGE_STANDARD = gnu99;
				GCC_NO_COMMON_BLOCKS = YES;
				GCC_WARN_64_TO_32_BIT_CONVERSION = YES;
				GCC_WARN_ABOUT_RETURN_TYPE = YES_ERROR;
				GCC_WARN_UNDECLARED_SELECTOR = YES;
				GCC_WARN_UNINITIALIZED_AUTOS = YES_AGGRESSIVE;
				GCC_WARN_UNUSED_FUNCTION = YES;
				GCC_WARN_UNUSED_VARIABLE = YES;
				IPHONEOS_DEPLOYMENT_TARGET = 10.3;
				MTL_ENABLE_DEBUG_INFO = NO;
				SDKROOT = iphoneos;
				SWIFT_OPTIMIZATION_LEVEL = "-Owholemodule";
				TARGETED_DEVICE_FAMILY = "1,2";
				VALIDATE_PRODUCT = YES;
			};
			name = Release;
		};
		5133D86D1F1755ED006257C2 /* Debug */ = {
			isa = XCBuildConfiguration;
			buildSettings = {
				ASSETCATALOG_COMPILER_APPICON_NAME = AppIcon;
				DEVELOPMENT_TEAM = S9DA8B2DXE;
				INFOPLIST_FILE = "Universal Guide Book/Info.plist";
				LD_RUNPATH_SEARCH_PATHS = "$(inherited) @executable_path/Frameworks";
				PRODUCT_BUNDLE_IDENTIFIER = "benner.Universal-Guide-Book";
				PRODUCT_NAME = "$(TARGET_NAME)";
				SWIFT_VERSION = 3.0;
			};
			name = Debug;
		};
		5133D86E1F1755ED006257C2 /* Release */ = {
			isa = XCBuildConfiguration;
			buildSettings = {
				ASSETCATALOG_COMPILER_APPICON_NAME = AppIcon;
				DEVELOPMENT_TEAM = S9DA8B2DXE;
				INFOPLIST_FILE = "Universal Guide Book/Info.plist";
				LD_RUNPATH_SEARCH_PATHS = "$(inherited) @executable_path/Frameworks";
				PRODUCT_BUNDLE_IDENTIFIER = "benner.Universal-Guide-Book";
				PRODUCT_NAME = "$(TARGET_NAME)";
				SWIFT_VERSION = 3.0;
			};
			name = Release;
		};
		5133D8701F1755ED006257C2 /* Debug */ = {
			isa = XCBuildConfiguration;
			buildSettings = {
				ALWAYS_EMBED_SWIFT_STANDARD_LIBRARIES = YES;
				BUNDLE_LOADER = "$(TEST_HOST)";
				DEVELOPMENT_TEAM = S9DA8B2DXE;
				INFOPLIST_FILE = "Universal Guide BookTests/Info.plist";
				LD_RUNPATH_SEARCH_PATHS = "$(inherited) @executable_path/Frameworks @loader_path/Frameworks";
				PRODUCT_BUNDLE_IDENTIFIER = "benner.Universal-Guide-BookTests";
				PRODUCT_NAME = "$(TARGET_NAME)";
				SWIFT_VERSION = 3.0;
				TEST_HOST = "$(BUILT_PRODUCTS_DIR)/Universal Guide Book.app/Universal Guide Book";
			};
			name = Debug;
		};
		5133D8711F1755ED006257C2 /* Release */ = {
			isa = XCBuildConfiguration;
			buildSettings = {
				ALWAYS_EMBED_SWIFT_STANDARD_LIBRARIES = YES;
				BUNDLE_LOADER = "$(TEST_HOST)";
				DEVELOPMENT_TEAM = S9DA8B2DXE;
				INFOPLIST_FILE = "Universal Guide BookTests/Info.plist";
				LD_RUNPATH_SEARCH_PATHS = "$(inherited) @executable_path/Frameworks @loader_path/Frameworks";
				PRODUCT_BUNDLE_IDENTIFIER = "benner.Universal-Guide-BookTests";
				PRODUCT_NAME = "$(TARGET_NAME)";
				SWIFT_VERSION = 3.0;
				TEST_HOST = "$(BUILT_PRODUCTS_DIR)/Universal Guide Book.app/Universal Guide Book";
			};
			name = Release;
		};
		5133D8731F1755ED006257C2 /* Debug */ = {
			isa = XCBuildConfiguration;
			buildSettings = {
				ALWAYS_EMBED_SWIFT_STANDARD_LIBRARIES = YES;
				DEVELOPMENT_TEAM = S9DA8B2DXE;
				INFOPLIST_FILE = "Universal Guide BookUITests/Info.plist";
				LD_RUNPATH_SEARCH_PATHS = "$(inherited) @executable_path/Frameworks @loader_path/Frameworks";
				PRODUCT_BUNDLE_IDENTIFIER = "benner.Universal-Guide-BookUITests";
				PRODUCT_NAME = "$(TARGET_NAME)";
				SWIFT_VERSION = 3.0;
				TEST_TARGET_NAME = "Universal Guide Book";
			};
			name = Debug;
		};
		5133D8741F1755ED006257C2 /* Release */ = {
			isa = XCBuildConfiguration;
			buildSettings = {
				ALWAYS_EMBED_SWIFT_STANDARD_LIBRARIES = YES;
				DEVELOPMENT_TEAM = S9DA8B2DXE;
				INFOPLIST_FILE = "Universal Guide BookUITests/Info.plist";
				LD_RUNPATH_SEARCH_PATHS = "$(inherited) @executable_path/Frameworks @loader_path/Frameworks";
				PRODUCT_BUNDLE_IDENTIFIER = "benner.Universal-Guide-BookUITests";
				PRODUCT_NAME = "$(TARGET_NAME)";
				SWIFT_VERSION = 3.0;
				TEST_TARGET_NAME = "Universal Guide Book";
			};
			name = Release;
		};
/* End XCBuildConfiguration section */

/* Begin XCConfigurationList section */
		5133D83F1F1755ED006257C2 /* Build configuration list for PBXProject "Universal Guide Book" */ = {
			isa = XCConfigurationList;
			buildConfigurations = (
				5133D86A1F1755ED006257C2 /* Debug */,
				5133D86B1F1755ED006257C2 /* Release */,
			);
			defaultConfigurationIsVisible = 0;
			defaultConfigurationName = Release;
		};
		5133D86C1F1755ED006257C2 /* Build configuration list for PBXNativeTarget "Universal Guide Book" */ = {
			isa = XCConfigurationList;
			buildConfigurations = (
				5133D86D1F1755ED006257C2 /* Debug */,
				5133D86E1F1755ED006257C2 /* Release */,
			);
			defaultConfigurationIsVisible = 0;
		};
		5133D86F1F1755ED006257C2 /* Build configuration list for PBXNativeTarget "Universal Guide BookTests" */ = {
			isa = XCConfigurationList;
			buildConfigurations = (
				5133D8701F1755ED006257C2 /* Debug */,
				5133D8711F1755ED006257C2 /* Release */,
			);
			defaultConfigurationIsVisible = 0;
		};
		5133D8721F1755ED006257C2 /* Build configuration list for PBXNativeTarget "Universal Guide BookUITests" */ = {
			isa = XCConfigurationList;
			buildConfigurations = (
				5133D8731F1755ED006257C2 /* Debug */,
				5133D8741F1755ED006257C2 /* Release */,
			);
			defaultConfigurationIsVisible = 0;
		};
/* End XCConfigurationList section */
	};
	rootObject = 5133D83C1F1755ED006257C2 /* Project object */;
}
